PATH
  remote: .
  specs:
    rack-jwt-verifier (0.1.0)
      jwt (~> 2.8)
      rack (>= 2.0)

GEM
  remote: https://rubygems.org/
  specs:
    addressable (2.8.7)
      public_suffix (>= 2.0.2, < 7.0)
    base64 (0.2.0)
    bigdecimal (3.1.8)
    crack (1.0.0)
      bigdecimal
      rexml
    diff-lcs (1.6.2)
    hashdiff (1.1.0)
    jwt (2.8.2)
      base64
    public_suffix (5.1.1)
    rack (3.2.3)
    rack-test (2.2.0)
      rack (>= 1.3)
    rake (13.2.1)
    rexml (3.3.2)
      strscan
    rspec (3.13.1)
      rspec-core (~> 3.13.0)
      rspec-expectations (~> 3.13.0)
      rspec-mocks (~> 3.13.0)
    rspec-core (3.13.5)
      rspec-support (~> 3.13.0)
    rspec-expectations (3.13.5)
      diff-lcs (>= 1.2.0, < 2.0)
      rspec-support (~> 3.13.0)
    rspec-mocks (3.13.6)
      diff-lcs (>= 1.2.0, < 2.0)
      rspec-support (~> 3.13.0)
    rspec-support (3.13.6)
    strscan (3.1.0)
    timecop (0.9.10)
    webmock (3.23.1)
      addressable (>= 2.8.0)
      crack (>= 0.3.2)
      hashdiff (>= 0.4.0, < 2.0.0)

PLATFORMS
  x86_64-linux

DEPENDENCIES
  bundler (~> 2.0)
  rack
  rack-jwt-verifier!
  rack-test
  rake (~> 13.0)
  rspec (~> 3.12)
  timecop (~> 0.9)
  webmock (~> 3.14)

BUNDLED WITH
   2.4.22
